Microsoft Visual Studio Solution File, Format Version 12.00
# Visual Studio Version 17
VisualStudioVersion = 17.5.2.0
MinimumVisualStudioVersion = 10.0.40219.1
Project("{FAE04EC0-301F-11D3-BF4B-00C04F79EFBC}") = "EshoppingZoneAPI", "ShoppingCart\EshoppingZoneAPI.csproj", "{97304CF4-45EA-2467-6C04-D2F42F2EEE4E}"
EndProject
Global
	GlobalSection(SolutionConfigurationPlatforms) = preSolution
		Debug|Any CPU = Debug|Any CPU
		Release|Any CPU = Release|Any CPU
	EndGlobalSection
	GlobalSection(ProjectConfigurationPlatforms) = postSolution
		{97304CF4-45EA-2467-6C04-D2F42F2EEE4E}.Debug|Any CPU.ActiveCfg = Debug|Any CPU
		{97304CF4-45EA-2467-6C04-D2F42F2EEE4E}.Debug|Any CPU.Build.0 = Debug|Any CPU
		{97304CF4-45EA-2467-6C04-D2F42F2EEE4E}.Release|Any CPU.ActiveCfg = Release|Any CPU
		{97304CF4-45EA-2467-6C04-D2F42F2EEE4E}.Release|Any CPU.Build.0 = Release|Any CPU
	EndGlobalSection
	GlobalSection(SolutionProperties) = preSolution
		HideSolutionNode = FALSE
	EndGlobalSection
	GlobalSection(ExtensibilityGlobals) = postSolution
		SolutionGuid = {ED071DE7-1FB2-4468-8C8D-FFB88FEB55AE}
	EndGlobalSection
EndGlobal
